
Microsoft Visual Studio Solution File, Format Version 12.00
# Visual Studio Version 16
VisualStudioVersion = 16.0.30104.148
MinimumVisualStudioVersion = 10.0.40219.1
Project("{9A19103F-16F7-4668-BE54-9A1E7A4F7556}") = "Bank", "Bank\Bank.csproj", "{EAA99AF0-6362-453F-A95B-D388B07B3236}"
EndProject
Project("{FAE04EC0-301F-11D3-BF4B-00C04F79EFBC}") = "Bank.Tests", "Bank.Tests\Bank.Tests.csproj", "{2A3281F8-9389-4969-8DEE-1312936EA6C7}"
EndProject
Global
	GlobalSection(SolutionConfigurationPlatforms) = preSolution
		Debug|Any CPU = Debug|Any CPU
		Release|Any CPU = Release|Any CPU
	EndGlobalSection
	GlobalSection(ProjectConfigurationPlatforms) = postSolution
		{EAA99AF0-6362-453F-A95B-D388B07B3236}.Debug|Any CPU.ActiveCfg = Debug|Any CPU
		{EAA99AF0-6362-453F-A95B-D388B07B3236}.Debug|Any CPU.Build.0 = Debug|Any CPU
		{EAA99AF0-6362-453F-A95B-D388B07B3236}.Release|Any CPU.ActiveCfg = Release|Any CPU
		{EAA99AF0-6362-453F-A95B-D388B07B3236}.Release|Any CPU.Build.0 = Release|Any CPU
		{2A3281F8-9389-4969-8DEE-1312936EA6C7}.Debug|Any CPU.ActiveCfg = Debug|Any CPU
		{2A3281F8-9389-4969-8DEE-1312936EA6C7}.Debug|Any CPU.Build.0 = Debug|Any CPU
		{2A3281F8-9389-4969-8DEE-1312936EA6C7}.Release|Any CPU.ActiveCfg = Release|Any CPU
		{2A3281F8-9389-4969-8DEE-1312936EA6C7}.Release|Any CPU.Build.0 = Release|Any CPU
	EndGlobalSection
	GlobalSection(SolutionProperties) = preSolution
		HideSolutionNode = FALSE
	EndGlobalSection
	GlobalSection(ExtensibilityGlobals) = postSolution
		SolutionGuid = {4C5F54D6-B743-43BC-8CC9-85D27C8895A7}
	EndGlobalSection
EndGlobal
